
Microsoft Visual Studio Solution File, Format Version 12.00
# Visual Studio Version 17
VisualStudioVersion = 17.5.002.0
MinimumVisualStudioVersion = 10.0.40219.1
Project("{9A19103F-16F7-4668-BE54-9A1E7A4F7556}") = "Sandbox", "Sandbox\Sandbox.csproj", "{3C4C548C-F6B1-4C73-8A2C-9168709BEF02}"
EndProject
Global
	GlobalSection(SolutionConfigurationPlatforms) = preSolution
		Debug|Any CPU = Debug|Any CPU
		Release|Any CPU = Release|Any CPU
	EndGlobalSection
	GlobalSection(ProjectConfigurationPlatforms) = postSolution
		{3C4C548C-F6B1-4C73-8A2C-9168709BEF02}.Debug|Any CPU.ActiveCfg = Debug|Any CPU
		{3C4C548C-F6B1-4C73-8A2C-9168709BEF02}.Debug|Any CPU.Build.0 = Debug|Any CPU
		{3C4C548C-F6B1-4C73-8A2C-9168709BEF02}.Release|Any CPU.ActiveCfg = Release|Any CPU
		{3C4C548C-F6B1-4C73-8A2C-9168709BEF02}.Release|Any CPU.Build.0 = Release|Any CPU
	EndGlobalSection
	GlobalSection(SolutionProperties) = preSolution
		HideSolutionNode = FALSE
	EndGlobalSection
	GlobalSection(ExtensibilityGlobals) = postSolution
		SolutionGuid = {81FED3F4-C811-4623-8A78-2D71336846ED}
	EndGlobalSection
EndGlobal
